
Microsoft Visual Studio Solution File, Format Version 12.00
# Visual Studio Version 17
VisualStudioVersion = 17.6.33815.320
MinimumVisualStudioVersion = 10.0.40219.1
Project("{9A19103F-16F7-4668-BE54-9A1E7A4F7556}") = "Chant.Recognizer.Shared", "Chant.Recognizer.Shared\Chant.Recognizer.Shared.csproj", "{8D84CAF8-6829-419D-9E34-8DDE98B53482}"
EndProject
Project("{9A19103F-16F7-4668-BE54-9A1E7A4F7556}") = "Chant.Recognizer.Tesseract", "Chant.Recognizer.Tesseract\Chant.Recognizer.Tesseract.csproj", "{B9BCAC77-307D-4190-BF37-34BF44BB5B9B}"
EndProject
Project("{9A19103F-16F7-4668-BE54-9A1E7A4F7556}") = "Chant.Recognizer.Tesseract.Test", "Chant.Recognizer.Tesseract.Test\Chant.Recognizer.Tesseract.Test.csproj", "{2F822553-97A9-4CC7-9303-E8934A6F615F}"
EndProject
Project("{2150E333-8FDC-42A3-9474-1A3956D46DE8}") = "ソリューション項目", "ソリューション項目", "{D4F32809-2F71-4CFA-9F45-5316592601BF}"
	ProjectSection(SolutionItems) = preProject
		.editorconfig = .editorconfig
		.github\workflows\dotnet-test.yaml = .github\workflows\dotnet-test.yaml
	EndProjectSection
EndProject
Project("{9A19103F-16F7-4668-BE54-9A1E7A4F7556}") = "Chant.Recognizer.Google", "Chant.Recognizer.Google\Chant.Recognizer.Google.csproj", "{4F557BD0-DD37-49F8-B34C-08E76603FCE3}"
EndProject
Project("{9A19103F-16F7-4668-BE54-9A1E7A4F7556}") = "Chant.Recognizer.Google.Test", "Chant.Recognizer.Google.Test\Chant.Recognizer.Google.Test.csproj", "{E6BE2180-E689-4186-B359-E86B42EF02B3}"
EndProject
Project("{9A19103F-16F7-4668-BE54-9A1E7A4F7556}") = "Chant.Recognizer.Windows", "Chant.Recognizer.Windows\Chant.Recognizer.Windows.csproj", "{823006F3-9520-447F-AF70-A316720CECD9}"
EndProject
Project("{9A19103F-16F7-4668-BE54-9A1E7A4F7556}") = "Chant.Recognizer.Windows.Test", "Chant.Recognizer.Windows.Test\Chant.Recognizer.Windows.Test.csproj", "{9B0B7DD2-9783-4B4F-A88A-C79CC7AB5E61}"
EndProject
Project("{9A19103F-16F7-4668-BE54-9A1E7A4F7556}") = "Chant.Recognizer.ConsensusUnit", "Chant.Recognizer.ConsensusUnit\Chant.Recognizer.ConsensusUnit.csproj", "{99367666-44B0-465A-AE18-D805D5B2E3DA}"
EndProject
Project("{9A19103F-16F7-4668-BE54-9A1E7A4F7556}") = "Chant.Recognizer.ConsensusUnit.Test", "Chant.Recognizer.ConsensusUnit.Test\Chant.Recognizer.ConsensusUnit.Test.csproj", "{BF52802D-8251-41A2-94EC-CC9734E42E52}"
EndProject
Project("{9A19103F-16F7-4668-BE54-9A1E7A4F7556}") = "Chant.Gate", "Chant.Gate\Chant.Gate.csproj", "{C821488D-BCA9-4651-9691-DFF547933276}"
EndProject
Project("{9A19103F-16F7-4668-BE54-9A1E7A4F7556}") = "Chant.YukiChant", "Chant.YukiChant\Chant.YukiChant.csproj", "{DDEAAA1A-A558-4176-A43E-A942841F2C24}"
EndProject
Project("{9A19103F-16F7-4668-BE54-9A1E7A4F7556}") = "Chant.Command", "Chant.Command\Chant.Command.csproj", "{76ABB951-7F6F-4631-83CA-E8A43A0D7824}"
EndProject
Project("{9A19103F-16F7-4668-BE54-9A1E7A4F7556}") = "Levenshtein", "Levenshtein\Levenshtein.csproj", "{DAC3FA2E-1700-4B1E-A57F-5C75024DAE56}"
EndProject
Project("{9A19103F-16F7-4668-BE54-9A1E7A4F7556}") = "Levenshtein.Test", "Levenshtein.Test\Levenshtein.Test.csproj", "{FCB426A4-9E87-4746-9EA6-47DC41E68D1E}"
EndProject
Project("{2150E333-8FDC-42A3-9474-1A3956D46DE8}") = "Tools", "Tools", "{B9AE39AF-2BB1-4BAC-B92F-5E2AF6BFD33F}"
EndProject
Project("{9A19103F-16F7-4668-BE54-9A1E7A4F7556}") = "WindowsNativeOcr", "Tools\WindowsNativeOcr\WindowsNativeOcr.csproj", "{613D5131-076F-4BAB-973E-1C83C1784781}"
EndProject
Project("{FAE04EC0-301F-11D3-BF4B-00C04F79EFBC}") = "Chant.Recognizer.ConsensusUnit.VMagi", "Chant.Recognizer.ConsensusUnit.VMagi\Chant.Recognizer.ConsensusUnit.VMagi.csproj", "{868C70A8-E175-491B-8625-DB8C17CFDB15}"
EndProject
Project("{FAE04EC0-301F-11D3-BF4B-00C04F79EFBC}") = "Chant.MediaProcessor", "Chant.MediaProcessor\Chant.MediaProcessor.csproj", "{F111171E-F0CF-4218-927B-100E84F5D5E1}"
EndProject
Project("{FAE04EC0-301F-11D3-BF4B-00C04F79EFBC}") = "Chant.Command.Video", "Chant.Command.Video\Chant.Command.Video.csproj", "{5ED8766C-AB58-45AE-920C-557780372BDC}"
EndProject
Project("{FAE04EC0-301F-11D3-BF4B-00C04F79EFBC}") = "Chant.MediaProcessor.Test", "Chant.MediaProcessor.Test\Chant.MediaProcessor.Test.csproj", "{02D9B3B7-0822-4374-80E3-2D171F3C1371}"
EndProject
Global
	GlobalSection(SolutionConfigurationPlatforms) = preSolution
		Debug|Any CPU = Debug|Any CPU
		Release|Any CPU = Release|Any CPU
	EndGlobalSection
	GlobalSection(ProjectConfigurationPlatforms) = postSolution
		{8D84CAF8-6829-419D-9E34-8DDE98B53482}.Debug|Any CPU.ActiveCfg = Debug|Any CPU
		{8D84CAF8-6829-419D-9E34-8DDE98B53482}.Debug|Any CPU.Build.0 = Debug|Any CPU
		{8D84CAF8-6829-419D-9E34-8DDE98B53482}.Release|Any CPU.ActiveCfg = Release|Any CPU
		{8D84CAF8-6829-419D-9E34-8DDE98B53482}.Release|Any CPU.Build.0 = Release|Any CPU
		{B9BCAC77-307D-4190-BF37-34BF44BB5B9B}.Debug|Any CPU.ActiveCfg = Debug|Any CPU
		{B9BCAC77-307D-4190-BF37-34BF44BB5B9B}.Debug|Any CPU.Build.0 = Debug|Any CPU
		{B9BCAC77-307D-4190-BF37-34BF44BB5B9B}.Release|Any CPU.ActiveCfg = Release|Any CPU
		{B9BCAC77-307D-4190-BF37-34BF44BB5B9B}.Release|Any CPU.Build.0 = Release|Any CPU
		{2F822553-97A9-4CC7-9303-E8934A6F615F}.Debug|Any CPU.ActiveCfg = Debug|Any CPU
		{2F822553-97A9-4CC7-9303-E8934A6F615F}.Debug|Any CPU.Build.0 = Debug|Any CPU
		{2F822553-97A9-4CC7-9303-E8934A6F615F}.Release|Any CPU.ActiveCfg = Release|Any CPU
		{2F822553-97A9-4CC7-9303-E8934A6F615F}.Release|Any CPU.Build.0 = Release|Any CPU
		{4F557BD0-DD37-49F8-B34C-08E76603FCE3}.Debug|Any CPU.ActiveCfg = Debug|Any CPU
		{4F557BD0-DD37-49F8-B34C-08E76603FCE3}.Debug|Any CPU.Build.0 = Debug|Any CPU
		{4F557BD0-DD37-49F8-B34C-08E76603FCE3}.Release|Any CPU.ActiveCfg = Release|Any CPU
		{4F557BD0-DD37-49F8-B34C-08E76603FCE3}.Release|Any CPU.Build.0 = Release|Any CPU
		{E6BE2180-E689-4186-B359-E86B42EF02B3}.Debug|Any CPU.ActiveCfg = Debug|Any CPU
		{E6BE2180-E689-4186-B359-E86B42EF02B3}.Debug|Any CPU.Build.0 = Debug|Any CPU
		{E6BE2180-E689-4186-B359-E86B42EF02B3}.Release|Any CPU.ActiveCfg = Release|Any CPU
		{E6BE2180-E689-4186-B359-E86B42EF02B3}.Release|Any CPU.Build.0 = Release|Any CPU
		{823006F3-9520-447F-AF70-A316720CECD9}.Debug|Any CPU.ActiveCfg = Debug|Any CPU
		{823006F3-9520-447F-AF70-A316720CECD9}.Debug|Any CPU.Build.0 = Debug|Any CPU
		{823006F3-9520-447F-AF70-A316720CECD9}.Release|Any CPU.ActiveCfg = Release|Any CPU
		{823006F3-9520-447F-AF70-A316720CECD9}.Release|Any CPU.Build.0 = Release|Any CPU
		{9B0B7DD2-9783-4B4F-A88A-C79CC7AB5E61}.Debug|Any CPU.ActiveCfg = Debug|Any CPU
		{9B0B7DD2-9783-4B4F-A88A-C79CC7AB5E61}.Debug|Any CPU.Build.0 = Debug|Any CPU
		{9B0B7DD2-9783-4B4F-A88A-C79CC7AB5E61}.Release|Any CPU.ActiveCfg = Release|Any CPU
		{9B0B7DD2-9783-4B4F-A88A-C79CC7AB5E61}.Release|Any CPU.Build.0 = Release|Any CPU
		{99367666-44B0-465A-AE18-D805D5B2E3DA}.Debug|Any CPU.ActiveCfg = Debug|Any CPU
		{99367666-44B0-465A-AE18-D805D5B2E3DA}.Debug|Any CPU.Build.0 = Debug|Any CPU
		{99367666-44B0-465A-AE18-D805D5B2E3DA}.Release|Any CPU.ActiveCfg = Release|Any CPU
		{99367666-44B0-465A-AE18-D805D5B2E3DA}.Release|Any CPU.Build.0 = Release|Any CPU
		{BF52802D-8251-41A2-94EC-CC9734E42E52}.Debug|Any CPU.ActiveCfg = Debug|Any CPU
		{BF52802D-8251-41A2-94EC-CC9734E42E52}.Debug|Any CPU.Build.0 = Debug|Any CPU
		{BF52802D-8251-41A2-94EC-CC9734E42E52}.Release|Any CPU.ActiveCfg = Release|Any CPU
		{BF52802D-8251-41A2-94EC-CC9734E42E52}.Release|Any CPU.Build.0 = Release|Any CPU
		{C821488D-BCA9-4651-9691-DFF547933276}.Debug|Any CPU.ActiveCfg = Debug|Any CPU
		{C821488D-BCA9-4651-9691-DFF547933276}.Debug|Any CPU.Build.0 = Debug|Any CPU
		{C821488D-BCA9-4651-9691-DFF547933276}.Release|Any CPU.ActiveCfg = Release|Any CPU
		{C821488D-BCA9-4651-9691-DFF547933276}.Release|Any CPU.Build.0 = Release|Any CPU
		{DDEAAA1A-A558-4176-A43E-A942841F2C24}.Debug|Any CPU.ActiveCfg = Debug|Any CPU
		{DDEAAA1A-A558-4176-A43E-A942841F2C24}.Debug|Any CPU.Build.0 = Debug|Any CPU
		{DDEAAA1A-A558-4176-A43E-A942841F2C24}.Release|Any CPU.ActiveCfg = Release|Any CPU
		{DDEAAA1A-A558-4176-A43E-A942841F2C24}.Release|Any CPU.Build.0 = Release|Any CPU
		{76ABB951-7F6F-4631-83CA-E8A43A0D7824}.Debug|Any CPU.ActiveCfg = Debug|Any CPU
		{76ABB951-7F6F-4631-83CA-E8A43A0D7824}.Debug|Any CPU.Build.0 = Debug|Any CPU
		{76ABB951-7F6F-4631-83CA-E8A43A0D7824}.Release|Any CPU.ActiveCfg = Release|Any CPU
		{76ABB951-7F6F-4631-83CA-E8A43A0D7824}.Release|Any CPU.Build.0 = Release|Any CPU
		{DAC3FA2E-1700-4B1E-A57F-5C75024DAE56}.Debug|Any CPU.ActiveCfg = Debug|Any CPU
		{DAC3FA2E-1700-4B1E-A57F-5C75024DAE56}.Debug|Any CPU.Build.0 = Debug|Any CPU
		{DAC3FA2E-1700-4B1E-A57F-5C75024DAE56}.Release|Any CPU.ActiveCfg = Release|Any CPU
		{DAC3FA2E-1700-4B1E-A57F-5C75024DAE56}.Release|Any CPU.Build.0 = Release|Any CPU
		{FCB426A4-9E87-4746-9EA6-47DC41E68D1E}.Debug|Any CPU.ActiveCfg = Debug|Any CPU
		{FCB426A4-9E87-4746-9EA6-47DC41E68D1E}.Debug|Any CPU.Build.0 = Debug|Any CPU
		{FCB426A4-9E87-4746-9EA6-47DC41E68D1E}.Release|Any CPU.ActiveCfg = Release|Any CPU
		{FCB426A4-9E87-4746-9EA6-47DC41E68D1E}.Release|Any CPU.Build.0 = Release|Any CPU
		{613D5131-076F-4BAB-973E-1C83C1784781}.Debug|Any CPU.ActiveCfg = Debug|Any CPU
		{613D5131-076F-4BAB-973E-1C83C1784781}.Debug|Any CPU.Build.0 = Debug|Any CPU
		{613D5131-076F-4BAB-973E-1C83C1784781}.Release|Any CPU.ActiveCfg = Release|Any CPU
		{613D5131-076F-4BAB-973E-1C83C1784781}.Release|Any CPU.Build.0 = Release|Any CPU
		{868C70A8-E175-491B-8625-DB8C17CFDB15}.Debug|Any CPU.ActiveCfg = Debug|Any CPU
		{868C70A8-E175-491B-8625-DB8C17CFDB15}.Debug|Any CPU.Build.0 = Debug|Any CPU
		{868C70A8-E175-491B-8625-DB8C17CFDB15}.Release|Any CPU.ActiveCfg = Release|Any CPU
		{868C70A8-E175-491B-8625-DB8C17CFDB15}.Release|Any CPU.Build.0 = Release|Any CPU
		{F111171E-F0CF-4218-927B-100E84F5D5E1}.Debug|Any CPU.ActiveCfg = Debug|Any CPU
		{F111171E-F0CF-4218-927B-100E84F5D5E1}.Debug|Any CPU.Build.0 = Debug|Any CPU
		{F111171E-F0CF-4218-927B-100E84F5D5E1}.Release|Any CPU.ActiveCfg = Release|Any CPU
		{F111171E-F0CF-4218-927B-100E84F5D5E1}.Release|Any CPU.Build.0 = Release|Any CPU
		{5ED8766C-AB58-45AE-920C-557780372BDC}.Debug|Any CPU.ActiveCfg = Debug|Any CPU
		{5ED8766C-AB58-45AE-920C-557780372BDC}.Debug|Any CPU.Build.0 = Debug|Any CPU
		{5ED8766C-AB58-45AE-920C-557780372BDC}.Release|Any CPU.ActiveCfg = Release|Any CPU
		{5ED8766C-AB58-45AE-920C-557780372BDC}.Release|Any CPU.Build.0 = Release|Any CPU
		{02D9B3B7-0822-4374-80E3-2D171F3C1371}.Debug|Any CPU.ActiveCfg = Debug|Any CPU
		{02D9B3B7-0822-4374-80E3-2D171F3C1371}.Debug|Any CPU.Build.0 = Debug|Any CPU
		{02D9B3B7-0822-4374-80E3-2D171F3C1371}.Release|Any CPU.ActiveCfg = Release|Any CPU
		{02D9B3B7-0822-4374-80E3-2D171F3C1371}.Release|Any CPU.Build.0 = Release|Any CPU
	EndGlobalSection
	GlobalSection(SolutionProperties) = preSolution
		HideSolutionNode = FALSE
	EndGlobalSection
	GlobalSection(NestedProjects) = preSolution
		{613D5131-076F-4BAB-973E-1C83C1784781} = {B9AE39AF-2BB1-4BAC-B92F-5E2AF6BFD33F}
	EndGlobalSection
	GlobalSection(ExtensibilityGlobals) = postSolution
		SolutionGuid = {8D1CA628-3DB5-4529-AEF4-1DB93BB231C8}
	EndGlobalSection
EndGlobal
